
Microsoft Visual Studio Solution File, Format Version 12.00
# Visual Studio 15
VisualStudioVersion = 15.0.27703.2035
MinimumVisualStudioVersion = 10.0.40219.1
Project("{9A19103F-16F7-4668-BE54-9A1E7A4F7556}") = "BlazorBasico.Server", "BlazorBasico.Server\BlazorBasico.Server.csproj", "{66BAB021-63DE-4978-98EE-64FA26A04C66}"
EndProject
Project("{9A19103F-16F7-4668-BE54-9A1E7A4F7556}") = "BlazorBasico.Client", "BlazorBasico.Client\BlazorBasico.Client.csproj", "{787096DE-EE37-4110-8FFE-074B9B84D501}"
EndProject
Project("{9A19103F-16F7-4668-BE54-9A1E7A4F7556}") = "BlazorBasico.Shared", "BlazorBasico.Shared\BlazorBasico.Shared.csproj", "{A57193CF-E4C8-431B-9DCC-1AE67AE7FA1E}"
EndProject
Global
	GlobalSection(SolutionConfigurationPlatforms) = preSolution
		Debug|Any CPU = Debug|Any CPU
		Release|Any CPU = Release|Any CPU
	EndGlobalSection
	GlobalSection(ProjectConfigurationPlatforms) = postSolution
		{66BAB021-63DE-4978-98EE-64FA26A04C66}.Debug|Any CPU.ActiveCfg = Debug|Any CPU
		{66BAB021-63DE-4978-98EE-64FA26A04C66}.Debug|Any CPU.Build.0 = Debug|Any CPU
		{66BAB021-63DE-4978-98EE-64FA26A04C66}.Release|Any CPU.ActiveCfg = Release|Any CPU
		{66BAB021-63DE-4978-98EE-64FA26A04C66}.Release|Any CPU.Build.0 = Release|Any CPU
		{787096DE-EE37-4110-8FFE-074B9B84D501}.Debug|Any CPU.ActiveCfg = Debug|Any CPU
		{787096DE-EE37-4110-8FFE-074B9B84D501}.Debug|Any CPU.Build.0 = Debug|Any CPU
		{787096DE-EE37-4110-8FFE-074B9B84D501}.Release|Any CPU.ActiveCfg = Release|Any CPU
		{787096DE-EE37-4110-8FFE-074B9B84D501}.Release|Any CPU.Build.0 = Release|Any CPU
		{A57193CF-E4C8-431B-9DCC-1AE67AE7FA1E}.Debug|Any CPU.ActiveCfg = Debug|Any CPU
		{A57193CF-E4C8-431B-9DCC-1AE67AE7FA1E}.Debug|Any CPU.Build.0 = Debug|Any CPU
		{A57193CF-E4C8-431B-9DCC-1AE67AE7FA1E}.Release|Any CPU.ActiveCfg = Release|Any CPU
		{A57193CF-E4C8-431B-9DCC-1AE67AE7FA1E}.Release|Any CPU.Build.0 = Release|Any CPU
	EndGlobalSection
	GlobalSection(SolutionProperties) = preSolution
		HideSolutionNode = FALSE
	EndGlobalSection
	GlobalSection(ExtensibilityGlobals) = postSolution
		SolutionGuid = {CD0928C8-CC40-49EC-910C-5D3B178638D5}
	EndGlobalSection
EndGlobal
